
Microsoft Visual Studio Solution File, Format Version 12.00
# Visual Studio Version 17
VisualStudioVersion = 17.14.36327.8
MinimumVisualStudioVersion = 10.0.40219.1
Project("{2150E333-8FDC-42A3-9474-1A3956D46DE8}") = "services", "services", "{02EA681E-C7D8-13C7-8484-4AC65E1B71E8}"
EndProject
Project("{2150E333-8FDC-42A3-9474-1A3956D46DE8}") = "HomePage", "HomePage", "{8A718CD0-510E-422A-9159-2E25AF872ED4}"
EndProject
Project("{FAE04EC0-301F-11D3-BF4B-00C04F79EFBC}") = "ContentManagementSystem.HomePage", "ContentManagementSystem.HomePage\ContentManagementSystem.HomePage.csproj", "{48974D4F-C818-485C-99B4-A28DA36FFF10}"
EndProject
Project("{2150E333-8FDC-42A3-9474-1A3956D46DE8}") = "Shared", "Shared", "{D59E9C25-A61F-42F4-BDD0-A9A55D49D0A7}"
EndProject
Project("{FAE04EC0-301F-11D3-BF4B-00C04F79EFBC}") = "ContentManagementSystem.Shared", "ContentManagementSystem.Shared\ContentManagementSystem.Shared.csproj", "{44D4B000-BC88-4372-8EC0-4B75371B74BB}"
EndProject
Project("{E53339B2-1760-4266-BCC7-CA923CBCF16C}") = "docker-compose", "docker-compose.dcproj", "{81DDED9D-158B-E303-5F62-77A2896D2A5A}"
EndProject
Project("{2150E333-8FDC-42A3-9474-1A3956D46DE8}") = "About", "About", "{7A9A36AC-8956-4950-9AB4-E6F03EFF9BC8}"
EndProject
Project("{FAE04EC0-301F-11D3-BF4B-00C04F79EFBC}") = "ContentManagementSystem.About", "ContentManagementSystem.About\ContentManagementSystem.About.csproj", "{994BD847-D527-4A82-B5F5-15E17C8BE0DD}"
EndProject
Project("{2150E333-8FDC-42A3-9474-1A3956D46DE8}") = "Solution Items", "Solution Items", "{8EC462FD-D22E-90A8-E5CE-7E832BA40C5D}"
	ProjectSection(SolutionItems) = preProject
		.gitignore = .gitignore
	EndProjectSection
EndProject
Project("{2150E333-8FDC-42A3-9474-1A3956D46DE8}") = "Blog", "Blog", "{94A3CE2D-3F8A-494D-B437-6C87A05763AA}"
EndProject
Project("{FAE04EC0-301F-11D3-BF4B-00C04F79EFBC}") = "ContentManagementSystem.Blog", "ContentManagementSystem.Blog\ContentManagementSystem.Blog.csproj", "{1FD425D5-A4BE-4CBC-8DAB-C49A4536BFA6}"
EndProject
Project("{2150E333-8FDC-42A3-9474-1A3956D46DE8}") = "Gateway", "Gateway", "{5AA3C165-8AE2-4ADA-997B-09BFDACB7B32}"
EndProject
Project("{2150E333-8FDC-42A3-9474-1A3956D46DE8}") = "Contact", "Contact", "{51F5D033-2D69-4C62-AC32-C89952D79D40}"
EndProject
Project("{FAE04EC0-301F-11D3-BF4B-00C04F79EFBC}") = "ContentManagementSystem.Contact", "ContentManagementSystem.Contact\ContentManagementSystem.Contact.csproj", "{9EDBD3CE-0964-4C40-AD30-6A9D126ADE3A}"
EndProject
Project("{FAE04EC0-301F-11D3-BF4B-00C04F79EFBC}") = "ContentManagementSystem.Gateway", "ContentManagementSystem.Gateway\ContentManagementSystem.Gateway.csproj", "{496E0A6E-2A18-4287-B25D-1ECAA3295F80}"
EndProject
Project("{2150E333-8FDC-42A3-9474-1A3956D46DE8}") = "App", "App", "{D0A73BA6-B135-4D2D-BFBE-D08B4531CAE5}"
EndProject
Project("{FAE04EC0-301F-11D3-BF4B-00C04F79EFBC}") = "App", "App\App.csproj", "{0E3FB73E-5C9B-40C5-AB4E-C490A8035D7B}"
EndProject
Global
	GlobalSection(SolutionConfigurationPlatforms) = preSolution
		Debug|Any CPU = Debug|Any CPU
		Release|Any CPU = Release|Any CPU
	EndGlobalSection
	GlobalSection(ProjectConfigurationPlatforms) = postSolution
		{48974D4F-C818-485C-99B4-A28DA36FFF10}.Debug|Any CPU.ActiveCfg = Debug|Any CPU
		{48974D4F-C818-485C-99B4-A28DA36FFF10}.Debug|Any CPU.Build.0 = Debug|Any CPU
		{48974D4F-C818-485C-99B4-A28DA36FFF10}.Release|Any CPU.ActiveCfg = Release|Any CPU
		{48974D4F-C818-485C-99B4-A28DA36FFF10}.Release|Any CPU.Build.0 = Release|Any CPU
		{44D4B000-BC88-4372-8EC0-4B75371B74BB}.Debug|Any CPU.ActiveCfg = Debug|Any CPU
		{44D4B000-BC88-4372-8EC0-4B75371B74BB}.Debug|Any CPU.Build.0 = Debug|Any CPU
		{44D4B000-BC88-4372-8EC0-4B75371B74BB}.Release|Any CPU.ActiveCfg = Release|Any CPU
		{44D4B000-BC88-4372-8EC0-4B75371B74BB}.Release|Any CPU.Build.0 = Release|Any CPU
		{81DDED9D-158B-E303-5F62-77A2896D2A5A}.Debug|Any CPU.ActiveCfg = Debug|Any CPU
		{81DDED9D-158B-E303-5F62-77A2896D2A5A}.Debug|Any CPU.Build.0 = Debug|Any CPU
		{81DDED9D-158B-E303-5F62-77A2896D2A5A}.Release|Any CPU.ActiveCfg = Release|Any CPU
		{81DDED9D-158B-E303-5F62-77A2896D2A5A}.Release|Any CPU.Build.0 = Release|Any CPU
		{994BD847-D527-4A82-B5F5-15E17C8BE0DD}.Debug|Any CPU.ActiveCfg = Debug|Any CPU
		{994BD847-D527-4A82-B5F5-15E17C8BE0DD}.Debug|Any CPU.Build.0 = Debug|Any CPU
		{994BD847-D527-4A82-B5F5-15E17C8BE0DD}.Release|Any CPU.ActiveCfg = Release|Any CPU
		{994BD847-D527-4A82-B5F5-15E17C8BE0DD}.Release|Any CPU.Build.0 = Release|Any CPU
		{1FD425D5-A4BE-4CBC-8DAB-C49A4536BFA6}.Debug|Any CPU.ActiveCfg = Debug|Any CPU
		{1FD425D5-A4BE-4CBC-8DAB-C49A4536BFA6}.Debug|Any CPU.Build.0 = Debug|Any CPU
		{1FD425D5-A4BE-4CBC-8DAB-C49A4536BFA6}.Release|Any CPU.ActiveCfg = Release|Any CPU
		{1FD425D5-A4BE-4CBC-8DAB-C49A4536BFA6}.Release|Any CPU.Build.0 = Release|Any CPU
		{9EDBD3CE-0964-4C40-AD30-6A9D126ADE3A}.Debug|Any CPU.ActiveCfg = Debug|Any CPU
		{9EDBD3CE-0964-4C40-AD30-6A9D126ADE3A}.Debug|Any CPU.Build.0 = Debug|Any CPU
		{9EDBD3CE-0964-4C40-AD30-6A9D126ADE3A}.Release|Any CPU.ActiveCfg = Release|Any CPU
		{9EDBD3CE-0964-4C40-AD30-6A9D126ADE3A}.Release|Any CPU.Build.0 = Release|Any CPU
		{496E0A6E-2A18-4287-B25D-1ECAA3295F80}.Debug|Any CPU.ActiveCfg = Debug|Any CPU
		{496E0A6E-2A18-4287-B25D-1ECAA3295F80}.Debug|Any CPU.Build.0 = Debug|Any CPU
		{496E0A6E-2A18-4287-B25D-1ECAA3295F80}.Release|Any CPU.ActiveCfg = Release|Any CPU
		{496E0A6E-2A18-4287-B25D-1ECAA3295F80}.Release|Any CPU.Build.0 = Release|Any CPU
		{0E3FB73E-5C9B-40C5-AB4E-C490A8035D7B}.Debug|Any CPU.ActiveCfg = Debug|Any CPU
		{0E3FB73E-5C9B-40C5-AB4E-C490A8035D7B}.Debug|Any CPU.Build.0 = Debug|Any CPU
		{0E3FB73E-5C9B-40C5-AB4E-C490A8035D7B}.Release|Any CPU.ActiveCfg = Release|Any CPU
		{0E3FB73E-5C9B-40C5-AB4E-C490A8035D7B}.Release|Any CPU.Build.0 = Release|Any CPU
	EndGlobalSection
	GlobalSection(SolutionProperties) = preSolution
		HideSolutionNode = FALSE
	EndGlobalSection
	GlobalSection(NestedProjects) = preSolution
		{8A718CD0-510E-422A-9159-2E25AF872ED4} = {02EA681E-C7D8-13C7-8484-4AC65E1B71E8}
		{48974D4F-C818-485C-99B4-A28DA36FFF10} = {8A718CD0-510E-422A-9159-2E25AF872ED4}
		{44D4B000-BC88-4372-8EC0-4B75371B74BB} = {D59E9C25-A61F-42F4-BDD0-A9A55D49D0A7}
		{7A9A36AC-8956-4950-9AB4-E6F03EFF9BC8} = {02EA681E-C7D8-13C7-8484-4AC65E1B71E8}
		{994BD847-D527-4A82-B5F5-15E17C8BE0DD} = {7A9A36AC-8956-4950-9AB4-E6F03EFF9BC8}
		{94A3CE2D-3F8A-494D-B437-6C87A05763AA} = {02EA681E-C7D8-13C7-8484-4AC65E1B71E8}
		{1FD425D5-A4BE-4CBC-8DAB-C49A4536BFA6} = {94A3CE2D-3F8A-494D-B437-6C87A05763AA}
		{5AA3C165-8AE2-4ADA-997B-09BFDACB7B32} = {02EA681E-C7D8-13C7-8484-4AC65E1B71E8}
		{51F5D033-2D69-4C62-AC32-C89952D79D40} = {02EA681E-C7D8-13C7-8484-4AC65E1B71E8}
		{9EDBD3CE-0964-4C40-AD30-6A9D126ADE3A} = {51F5D033-2D69-4C62-AC32-C89952D79D40}
		{496E0A6E-2A18-4287-B25D-1ECAA3295F80} = {5AA3C165-8AE2-4ADA-997B-09BFDACB7B32}
		{D0A73BA6-B135-4D2D-BFBE-D08B4531CAE5} = {02EA681E-C7D8-13C7-8484-4AC65E1B71E8}
		{0E3FB73E-5C9B-40C5-AB4E-C490A8035D7B} = {D0A73BA6-B135-4D2D-BFBE-D08B4531CAE5}
	EndGlobalSection
	GlobalSection(ExtensibilityGlobals) = postSolution
		SolutionGuid = {8ACF4CD9-1CE5-4B2C-9647-08C4DA0D0A22}
	EndGlobalSection
EndGlobal
